
Microsoft Visual Studio Solution File, Format Version 12.00
# Visual Studio 15
VisualStudioVersion = 15.0.27130.2036
MinimumVisualStudioVersion = 10.0.40219.1
Project("{FAE04EC0-301F-11D3-BF4B-00C04F79EFBC}") = "defuseBomb.Android", "defuseBomb\defuseBomb.Android\defuseBomb.Android.csproj", "{992E5B01-78AA-4CA7-8CE4-1C690709C2D0}"
EndProject
Project("{FAE04EC0-301F-11D3-BF4B-00C04F79EFBC}") = "defuseBomb.iOS", "defuseBomb\defuseBomb.iOS\defuseBomb.iOS.csproj", "{2F4927EC-ADC3-44EB-892F-6D30CDFA25DB}"
EndProject
Project("{FAE04EC0-301F-11D3-BF4B-00C04F79EFBC}") = "defuseBomb.UWP", "defuseBomb\defuseBomb.UWP\defuseBomb.UWP.csproj", "{DE6956D1-917C-4A48-AA8A-157B79E183AC}"
EndProject
Project("{D954291E-2A0B-460D-934E-DC6B0785DB48}") = "defuseBomb", "defuseBomb\defuseBomb\defuseBomb.shproj", "{144C795D-2C2A-4C51-8076-9C2BE4CED013}"
EndProject
Global
	GlobalSection(SharedMSBuildProjectFiles) = preSolution
		defuseBomb\defuseBomb\defuseBomb.projitems*{144c795d-2c2a-4c51-8076-9c2be4ced013}*SharedItemsImports = 13
		defuseBomb\defuseBomb\defuseBomb.projitems*{2f4927ec-adc3-44eb-892f-6d30cdfa25db}*SharedItemsImports = 4
		defuseBomb\defuseBomb\defuseBomb.projitems*{992e5b01-78aa-4ca7-8ce4-1c690709c2d0}*SharedItemsImports = 4
		defuseBomb\defuseBomb\defuseBomb.projitems*{de6956d1-917c-4a48-aa8a-157b79e183ac}*SharedItemsImports = 4
	EndGlobalSection
	GlobalSection(SolutionConfigurationPlatforms) = preSolution
		Ad-Hoc|Any CPU = Ad-Hoc|Any CPU
		Ad-Hoc|ARM = Ad-Hoc|ARM
		Ad-Hoc|iPhone = Ad-Hoc|iPhone
		Ad-Hoc|iPhoneSimulator = Ad-Hoc|iPhoneSimulator
		Ad-Hoc|x64 = Ad-Hoc|x64
		Ad-Hoc|x86 = Ad-Hoc|x86
		AppStore|Any CPU = AppStore|Any CPU
		AppStore|ARM = AppStore|ARM
		AppStore|iPhone = AppStore|iPhone
		AppStore|iPhoneSimulator = AppStore|iPhoneSimulator
		AppStore|x64 = AppStore|x64
		AppStore|x86 = AppStore|x86
		Debug|Any CPU = Debug|Any CPU
		Debug|ARM = Debug|ARM
		Debug|iPhone = Debug|iPhone
		Debug|iPhoneSimulator = Debug|iPhoneSimulator
		Debug|x64 = Debug|x64
		Debug|x86 = Debug|x86
		Release|Any CPU = Release|Any CPU
		Release|ARM = Release|ARM
		Release|iPhone = Release|iPhone
		Release|iPhoneSimulator = Release|iPhoneSimulator
		Release|x64 = Release|x64
		Release|x86 = Release|x86
	EndGlobalSection
	GlobalSection(ProjectConfigurationPlatforms) = postSolution
		{992E5B01-78AA-4CA7-8CE4-1C690709C2D0}.Ad-Hoc|Any CPU.ActiveCfg = Release|Any CPU
		{992E5B01-78AA-4CA7-8CE4-1C690709C2D0}.Ad-Hoc|Any CPU.Build.0 = Release|Any CPU
		{992E5B01-78AA-4CA7-8CE4-1C690709C2D0}.Ad-Hoc|Any CPU.Deploy.0 = Release|Any CPU
		{992E5B01-78AA-4CA7-8CE4-1C690709C2D0}.Ad-Hoc|ARM.ActiveCfg = Release|Any CPU
		{992E5B01-78AA-4CA7-8CE4-1C690709C2D0}.Ad-Hoc|ARM.Build.0 = Release|Any CPU
		{992E5B01-78AA-4CA7-8CE4-1C690709C2D0}.Ad-Hoc|ARM.Deploy.0 = Release|Any CPU
		{992E5B01-78AA-4CA7-8CE4-1C690709C2D0}.Ad-Hoc|iPhone.ActiveCfg = Release|Any CPU
		{992E5B01-78AA-4CA7-8CE4-1C690709C2D0}.Ad-Hoc|iPhone.Build.0 = Release|Any CPU
		{992E5B01-78AA-4CA7-8CE4-1C690709C2D0}.Ad-Hoc|iPhone.Deploy.0 = Release|Any CPU
		{992E5B01-78AA-4CA7-8CE4-1C690709C2D0}.Ad-Hoc|iPhoneSimulator.ActiveCfg = Release|Any CPU
		{992E5B01-78AA-4CA7-8CE4-1C690709C2D0}.Ad-Hoc|iPhoneSimulator.Build.0 = Release|Any CPU
		{992E5B01-78AA-4CA7-8CE4-1C690709C2D0}.Ad-Hoc|iPhoneSimulator.Deploy.0 = Release|Any CPU
		{992E5B01-78AA-4CA7-8CE4-1C690709C2D0}.Ad-Hoc|x64.ActiveCfg = Release|Any CPU
		{992E5B01-78AA-4CA7-8CE4-1C690709C2D0}.Ad-Hoc|x64.Build.0 = Release|Any CPU
		{992E5B01-78AA-4CA7-8CE4-1C690709C2D0}.Ad-Hoc|x64.Deploy.0 = Release|Any CPU
		{992E5B01-78AA-4CA7-8CE4-1C690709C2D0}.Ad-Hoc|x86.ActiveCfg = Release|Any CPU
		{992E5B01-78AA-4CA7-8CE4-1C690709C2D0}.Ad-Hoc|x86.Build.0 = Release|Any CPU
		{992E5B01-78AA-4CA7-8CE4-1C690709C2D0}.Ad-Hoc|x86.Deploy.0 = Release|Any CPU
		{992E5B01-78AA-4CA7-8CE4-1C690709C2D0}.AppStore|Any CPU.ActiveCfg = Release|Any CPU
		{992E5B01-78AA-4CA7-8CE4-1C690709C2D0}.AppStore|Any CPU.Build.0 = Release|Any CPU
		{992E5B01-78AA-4CA7-8CE4-1C690709C2D0}.AppStore|Any CPU.Deploy.0 = Release|Any CPU
		{992E5B01-78AA-4CA7-8CE4-1C690709C2D0}.AppStore|ARM.ActiveCfg = Release|Any CPU
		{992E5B01-78AA-4CA7-8CE4-1C690709C2D0}.AppStore|ARM.Build.0 = Release|Any CPU
		{992E5B01-78AA-4CA7-8CE4-1C690709C2D0}.AppStore|ARM.Deploy.0 = Release|Any CPU
		{992E5B01-78AA-4CA7-8CE4-1C690709C2D0}.AppStore|iPhone.ActiveCfg = Release|Any CPU
		{992E5B01-78AA-4CA7-8CE4-1C690709C2D0}.AppStore|iPhone.Build.0 = Release|Any CPU
		{992E5B01-78AA-4CA7-8CE4-1C690709C2D0}.AppStore|iPhone.Deploy.0 = Release|Any CPU
		{992E5B01-78AA-4CA7-8CE4-1C690709C2D0}.AppStore|iPhoneSimulator.ActiveCfg = Release|Any CPU
		{992E5B01-78AA-4CA7-8CE4-1C690709C2D0}.AppStore|iPhoneSimulator.Build.0 = Release|Any CPU
		{992E5B01-78AA-4CA7-8CE4-1C690709C2D0}.AppStore|iPhoneSimulator.Deploy.0 = Release|Any CPU
		{992E5B01-78AA-4CA7-8CE4-1C690709C2D0}.AppStore|x64.ActiveCfg = Release|Any CPU
		{992E5B01-78AA-4CA7-8CE4-1C690709C2D0}.AppStore|x64.Build.0 = Release|Any CPU
		{992E5B01-78AA-4CA7-8CE4-1C690709C2D0}.AppStore|x64.Deploy.0 = Release|Any CPU
		{992E5B01-78AA-4CA7-8CE4-1C690709C2D0}.AppStore|x86.ActiveCfg = Release|Any CPU
		{992E5B01-78AA-4CA7-8CE4-1C690709C2D0}.AppStore|x86.Build.0 = Release|Any CPU
		{992E5B01-78AA-4CA7-8CE4-1C690709C2D0}.AppStore|x86.Deploy.0 = Release|Any CPU
		{992E5B01-78AA-4CA7-8CE4-1C690709C2D0}.Debug|Any CPU.ActiveCfg = Debug|Any CPU
		{992E5B01-78AA-4CA7-8CE4-1C690709C2D0}.Debug|Any CPU.Build.0 = Debug|Any CPU
		{992E5B01-78AA-4CA7-8CE4-1C690709C2D0}.Debug|Any CPU.Deploy.0 = Debug|Any CPU
		{992E5B01-78AA-4CA7-8CE4-1C690709C2D0}.Debug|ARM.ActiveCfg = Debug|Any CPU
		{992E5B01-78AA-4CA7-8CE4-1C690709C2D0}.Debug|ARM.Build.0 = Debug|Any CPU
		{992E5B01-78AA-4CA7-8CE4-1C690709C2D0}.Debug|ARM.Deploy.0 = Debug|Any CPU
		{992E5B01-78AA-4CA7-8CE4-1C690709C2D0}.Debug|iPhone.ActiveCfg = Debug|Any CPU
		{992E5B01-78AA-4CA7-8CE4-1C690709C2D0}.Debug|iPhone.Build.0 = Debug|Any CPU
		{992E5B01-78AA-4CA7-8CE4-1C690709C2D0}.Debug|iPhone.Deploy.0 = Debug|Any CPU
		{992E5B01-78AA-4CA7-8CE4-1C690709C2D0}.Debug|iPhoneSimulator.ActiveCfg = Debug|Any CPU
		{992E5B01-78AA-4CA7-8CE4-1C690709C2D0}.Debug|iPhoneSimulator.Build.0 = Debug|Any CPU
		{992E5B01-78AA-4CA7-8CE4-1C690709C2D0}.Debug|iPhoneSimulator.Deploy.0 = Debug|Any CPU
		{992E5B01-78AA-4CA7-8CE4-1C690709C2D0}.Debug|x64.ActiveCfg = Debug|Any CPU
		{992E5B01-78AA-4CA7-8CE4-1C690709C2D0}.Debug|x64.Build.0 = Debug|Any CPU
		{992E5B01-78AA-4CA7-8CE4-1C690709C2D0}.Debug|x64.Deploy.0 = Debug|Any CPU
		{992E5B01-78AA-4CA7-8CE4-1C690709C2D0}.Debug|x86.ActiveCfg = Debug|Any CPU
		{992E5B01-78AA-4CA7-8CE4-1C690709C2D0}.Debug|x86.Build.0 = Debug|Any CPU
		{992E5B01-78AA-4CA7-8CE4-1C690709C2D0}.Debug|x86.Deploy.0 = Debug|Any CPU
		{992E5B01-78AA-4CA7-8CE4-1C690709C2D0}.Release|Any CPU.ActiveCfg = Release|Any CPU
		{992E5B01-78AA-4CA7-8CE4-1C690709C2D0}.Release|Any CPU.Build.0 = Release|Any CPU
		{992E5B01-78AA-4CA7-8CE4-1C690709C2D0}.Release|Any CPU.Deploy.0 = Release|Any CPU
		{992E5B01-78AA-4CA7-8CE4-1C690709C2D0}.Release|ARM.ActiveCfg = Release|Any CPU
		{992E5B01-78AA-4CA7-8CE4-1C690709C2D0}.Release|ARM.Build.0 = Release|Any CPU
		{992E5B01-78AA-4CA7-8CE4-1C690709C2D0}.Release|ARM.Deploy.0 = Release|Any CPU
		{992E5B01-78AA-4CA7-8CE4-1C690709C2D0}.Release|iPhone.ActiveCfg = Release|Any CPU
		{992E5B01-78AA-4CA7-8CE4-1C690709C2D0}.Release|iPhone.Build.0 = Release|Any CPU
		{992E5B01-78AA-4CA7-8CE4-1C690709C2D0}.Release|iPhone.Deploy.0 = Release|Any CPU
		{992E5B01-78AA-4CA7-8CE4-1C690709C2D0}.Release|iPhoneSimulator.ActiveCfg = Release|Any CPU
		{992E5B01-78AA-4CA7-8CE4-1C690709C2D0}.Release|iPhoneSimulator.Build.0 = Release|Any CPU
		{992E5B01-78AA-4CA7-8CE4-1C690709C2D0}.Release|iPhoneSimulator.Deploy.0 = Release|Any CPU
		{992E5B01-78AA-4CA7-8CE4-1C690709C2D0}.Release|x64.ActiveCfg = Release|Any CPU
		{992E5B01-78AA-4CA7-8CE4-1C690709C2D0}.Release|x64.Build.0 = Release|Any CPU
		{992E5B01-78AA-4CA7-8CE4-1C690709C2D0}.Release|x64.Deploy.0 = Release|Any CPU
		{992E5B01-78AA-4CA7-8CE4-1C690709C2D0}.Release|x86.ActiveCfg = Release|Any CPU
		{992E5B01-78AA-4CA7-8CE4-1C690709C2D0}.Release|x86.Build.0 = Release|Any CPU
		{992E5B01-78AA-4CA7-8CE4-1C690709C2D0}.Release|x86.Deploy.0 = Release|Any CPU
		{2F4927EC-ADC3-44EB-892F-6D30CDFA25DB}.Ad-Hoc|Any CPU.ActiveCfg = Ad-Hoc|iPhone
		{2F4927EC-ADC3-44EB-892F-6D30CDFA25DB}.Ad-Hoc|ARM.ActiveCfg = Ad-Hoc|iPhone
		{2F4927EC-ADC3-44EB-892F-6D30CDFA25DB}.Ad-Hoc|iPhone.ActiveCfg = Ad-Hoc|iPhone
		{2F4927EC-ADC3-44EB-892F-6D30CDFA25DB}.Ad-Hoc|iPhone.Build.0 = Ad-Hoc|iPhone
		{2F4927EC-ADC3-44EB-892F-6D30CDFA25DB}.Ad-Hoc|iPhoneSimulator.ActiveCfg = Ad-Hoc|iPhoneSimulator
		{2F4927EC-ADC3-44EB-892F-6D30CDFA25DB}.Ad-Hoc|iPhoneSimulator.Build.0 = Ad-Hoc|iPhoneSimulator
		{2F4927EC-ADC3-44EB-892F-6D30CDFA25DB}.Ad-Hoc|x64.ActiveCfg = Ad-Hoc|iPhone
		{2F4927EC-ADC3-44EB-892F-6D30CDFA25DB}.Ad-Hoc|x86.ActiveCfg = Ad-Hoc|iPhone
		{2F4927EC-ADC3-44EB-892F-6D30CDFA25DB}.AppStore|Any CPU.ActiveCfg = AppStore|iPhone
		{2F4927EC-ADC3-44EB-892F-6D30CDFA25DB}.AppStore|ARM.ActiveCfg = AppStore|iPhone
		{2F4927EC-ADC3-44EB-892F-6D30CDFA25DB}.AppStore|iPhone.ActiveCfg = AppStore|iPhone
		{2F4927EC-ADC3-44EB-892F-6D30CDFA25DB}.AppStore|iPhone.Build.0 = AppStore|iPhone
		{2F4927EC-ADC3-44EB-892F-6D30CDFA25DB}.AppStore|iPhoneSimulator.ActiveCfg = AppStore|iPhoneSimulator
		{2F4927EC-ADC3-44EB-892F-6D30CDFA25DB}.AppStore|iPhoneSimulator.Build.0 = AppStore|iPhoneSimulator
		{2F4927EC-ADC3-44EB-892F-6D30CDFA25DB}.AppStore|x64.ActiveCfg = AppStore|iPhone
		{2F4927EC-ADC3-44EB-892F-6D30CDFA25DB}.AppStore|x86.ActiveCfg = AppStore|iPhone
		{2F4927EC-ADC3-44EB-892F-6D30CDFA25DB}.Debug|Any CPU.ActiveCfg = Debug|iPhone
		{2F4927EC-ADC3-44EB-892F-6D30CDFA25DB}.Debug|ARM.ActiveCfg = Debug|iPhone
		{2F4927EC-ADC3-44EB-892F-6D30CDFA25DB}.Debug|iPhone.ActiveCfg = Debug|iPhone
		{2F4927EC-ADC3-44EB-892F-6D30CDFA25DB}.Debug|iPhone.Build.0 = Debug|iPhone
		{2F4927EC-ADC3-44EB-892F-6D30CDFA25DB}.Debug|iPhoneSimulator.ActiveCfg = Debug|iPhoneSimulator
		{2F4927EC-ADC3-44EB-892F-6D30CDFA25DB}.Debug|iPhoneSimulator.Build.0 = Debug|iPhoneSimulator
		{2F4927EC-ADC3-44EB-892F-6D30CDFA25DB}.Debug|x64.ActiveCfg = Debug|iPhone
		{2F4927EC-ADC3-44EB-892F-6D30CDFA25DB}.Debug|x86.ActiveCfg = Debug|iPhone
		{2F4927EC-ADC3-44EB-892F-6D30CDFA25DB}.Release|Any CPU.ActiveCfg = Release|iPhone
		{2F4927EC-ADC3-44EB-892F-6D30CDFA25DB}.Release|ARM.ActiveCfg = Release|iPhone
		{2F4927EC-ADC3-44EB-892F-6D30CDFA25DB}.Release|iPhone.ActiveCfg = Release|iPhone
		{2F4927EC-ADC3-44EB-892F-6D30CDFA25DB}.Release|iPhone.Build.0 = Release|iPhone
		{2F4927EC-ADC3-44EB-892F-6D30CDFA25DB}.Release|iPhoneSimulator.ActiveCfg = Release|iPhoneSimulator
		{2F4927EC-ADC3-44EB-892F-6D30CDFA25DB}.Release|iPhoneSimulator.Build.0 = Release|iPhoneSimulator
		{2F4927EC-ADC3-44EB-892F-6D30CDFA25DB}.Release|x64.ActiveCfg = Release|iPhone
		{2F4927EC-ADC3-44EB-892F-6D30CDFA25DB}.Release|x86.ActiveCfg = Release|iPhone
		{DE6956D1-917C-4A48-AA8A-157B79E183AC}.Ad-Hoc|Any CPU.ActiveCfg = Release|x86
		{DE6956D1-917C-4A48-AA8A-157B79E183AC}.Ad-Hoc|Any CPU.Build.0 = Release|x86
		{DE6956D1-917C-4A48-AA8A-157B79E183AC}.Ad-Hoc|Any CPU.Deploy.0 = Release|x86
		{DE6956D1-917C-4A48-AA8A-157B79E183AC}.Ad-Hoc|ARM.ActiveCfg = Release|ARM
		{DE6956D1-917C-4A48-AA8A-157B79E183AC}.Ad-Hoc|ARM.Build.0 = Release|ARM
		{DE6956D1-917C-4A48-AA8A-157B79E183AC}.Ad-Hoc|ARM.Deploy.0 = Release|ARM
		{DE6956D1-917C-4A48-AA8A-157B79E183AC}.Ad-Hoc|iPhone.ActiveCfg = Release|x86
		{DE6956D1-917C-4A48-AA8A-157B79E183AC}.Ad-Hoc|iPhone.Build.0 = Release|x86
		{DE6956D1-917C-4A48-AA8A-157B79E183AC}.Ad-Hoc|iPhone.Deploy.0 = Release|x86
		{DE6956D1-917C-4A48-AA8A-157B79E183AC}.Ad-Hoc|iPhoneSimulator.ActiveCfg = Release|x86
		{DE6956D1-917C-4A48-AA8A-157B79E183AC}.Ad-Hoc|iPhoneSimulator.Build.0 = Release|x86
		{DE6956D1-917C-4A48-AA8A-157B79E183AC}.Ad-Hoc|iPhoneSimulator.Deploy.0 = Release|x86
		{DE6956D1-917C-4A48-AA8A-157B79E183AC}.Ad-Hoc|x64.ActiveCfg = Release|x64
		{DE6956D1-917C-4A48-AA8A-157B79E183AC}.Ad-Hoc|x64.Build.0 = Release|x64
		{DE6956D1-917C-4A48-AA8A-157B79E183AC}.Ad-Hoc|x64.Deploy.0 = Release|x64
		{DE6956D1-917C-4A48-AA8A-157B79E183AC}.Ad-Hoc|x86.ActiveCfg = Release|x86
		{DE6956D1-917C-4A48-AA8A-157B79E183AC}.Ad-Hoc|x86.Build.0 = Release|x86
		{DE6956D1-917C-4A48-AA8A-157B79E183AC}.Ad-Hoc|x86.Deploy.0 = Release|x86
		{DE6956D1-917C-4A48-AA8A-157B79E183AC}.AppStore|Any CPU.ActiveCfg = Release|x86
		{DE6956D1-917C-4A48-AA8A-157B79E183AC}.AppStore|Any CPU.Build.0 = Release|x86
		{DE6956D1-917C-4A48-AA8A-157B79E183AC}.AppStore|Any CPU.Deploy.0 = Release|x86
		{DE6956D1-917C-4A48-AA8A-157B79E183AC}.AppStore|ARM.ActiveCfg = Release|ARM
		{DE6956D1-917C-4A48-AA8A-157B79E183AC}.AppStore|ARM.Build.0 = Release|ARM
		{DE6956D1-917C-4A48-AA8A-157B79E183AC}.AppStore|ARM.Deploy.0 = Release|ARM
		{DE6956D1-917C-4A48-AA8A-157B79E183AC}.AppStore|iPhone.ActiveCfg = Release|x86
		{DE6956D1-917C-4A48-AA8A-157B79E183AC}.AppStore|iPhone.Build.0 = Release|x86
		{DE6956D1-917C-4A48-AA8A-157B79E183AC}.AppStore|iPhone.Deploy.0 = Release|x86
		{DE6956D1-917C-4A48-AA8A-157B79E183AC}.AppStore|iPhoneSimulator.ActiveCfg = Release|x86
		{DE6956D1-917C-4A48-AA8A-157B79E183AC}.AppStore|iPhoneSimulator.Build.0 = Release|x86
		{DE6956D1-917C-4A48-AA8A-157B79E183AC}.AppStore|iPhoneSimulator.Deploy.0 = Release|x86
		{DE6956D1-917C-4A48-AA8A-157B79E183AC}.AppStore|x64.ActiveCfg = Release|x64
		{DE6956D1-917C-4A48-AA8A-157B79E183AC}.AppStore|x64.Build.0 = Release|x64
		{DE6956D1-917C-4A48-AA8A-157B79E183AC}.AppStore|x64.Deploy.0 = Release|x64
		{DE6956D1-917C-4A48-AA8A-157B79E183AC}.AppStore|x86.ActiveCfg = Release|x86
		{DE6956D1-917C-4A48-AA8A-157B79E183AC}.AppStore|x86.Build.0 = Release|x86
		{DE6956D1-917C-4A48-AA8A-157B79E183AC}.AppStore|x86.Deploy.0 = Release|x86
		{DE6956D1-917C-4A48-AA8A-157B79E183AC}.Debug|Any CPU.ActiveCfg = Debug|x86
		{DE6956D1-917C-4A48-AA8A-157B79E183AC}.Debug|ARM.ActiveCfg = Debug|ARM
		{DE6956D1-917C-4A48-AA8A-157B79E183AC}.Debug|ARM.Build.0 = Debug|ARM
		{DE6956D1-917C-4A48-AA8A-157B79E183AC}.Debug|ARM.Deploy.0 = Debug|ARM
		{DE6956D1-917C-4A48-AA8A-157B79E183AC}.Debug|iPhone.ActiveCfg = Debug|x86
		{DE6956D1-917C-4A48-AA8A-157B79E183AC}.Debug|iPhoneSimulator.ActiveCfg = Debug|x86
		{DE6956D1-917C-4A48-AA8A-157B79E183AC}.Debug|x64.ActiveCfg = Debug|x64
		{DE6956D1-917C-4A48-AA8A-157B79E183AC}.Debug|x64.Build.0 = Debug|x64
		{DE6956D1-917C-4A48-AA8A-157B79E183AC}.Debug|x64.Deploy.0 = Debug|x64
		{DE6956D1-917C-4A48-AA8A-157B79E183AC}.Debug|x86.ActiveCfg = Debug|x86
		{DE6956D1-917C-4A48-AA8A-157B79E183AC}.Debug|x86.Build.0 = Debug|x86
		{DE6956D1-917C-4A48-AA8A-157B79E183AC}.Debug|x86.Deploy.0 = Debug|x86
		{DE6956D1-917C-4A48-AA8A-157B79E183AC}.Release|Any CPU.ActiveCfg = Release|x86
		{DE6956D1-917C-4A48-AA8A-157B79E183AC}.Release|ARM.ActiveCfg = Release|ARM
		{DE6956D1-917C-4A48-AA8A-157B79E183AC}.Release|ARM.Build.0 = Release|ARM
		{DE6956D1-917C-4A48-AA8A-157B79E183AC}.Release|ARM.Deploy.0 = Release|ARM
		{DE6956D1-917C-4A48-AA8A-157B79E183AC}.Release|iPhone.ActiveCfg = Release|x86
		{DE6956D1-917C-4A48-AA8A-157B79E183AC}.Release|iPhoneSimulator.ActiveCfg = Release|x86
		{DE6956D1-917C-4A48-AA8A-157B79E183AC}.Release|x64.ActiveCfg = Release|x64
		{DE6956D1-917C-4A48-AA8A-157B79E183AC}.Release|x64.Build.0 = Release|x64
		{DE6956D1-917C-4A48-AA8A-157B79E183AC}.Release|x64.Deploy.0 = Release|x64
		{DE6956D1-917C-4A48-AA8A-157B79E183AC}.Release|x86.ActiveCfg = Release|x86
		{DE6956D1-917C-4A48-AA8A-157B79E183AC}.Release|x86.Build.0 = Release|x86
		{DE6956D1-917C-4A48-AA8A-157B79E183AC}.Release|x86.Deploy.0 = Release|x86
	EndGlobalSection
	GlobalSection(SolutionProperties) = preSolution
		HideSolutionNode = FALSE
	EndGlobalSection
	GlobalSection(ExtensibilityGlobals) = postSolution
		SolutionGuid = {4A4A8FE8-D6E4-404A-B720-A31036489BDF}
	EndGlobalSection
EndGlobal
